
Microsoft Visual Studio Solution File, Format Version 12.00
# Visual Studio Version 17
VisualStudioVersion = 17.10.34814.14
MinimumVisualStudioVersion = 10.0.40219.1
Project("{FAE04EC0-301F-11D3-BF4B-00C04F79EFBC}") = "WeatherDisplayTT", "WeatherDisplayTT\WeatherDisplayTT.csproj", "{A772D5A6-1452-4306-BAD7-DB86B4BCEDEC}"
EndProject
Global
	GlobalSection(SolutionConfigurationPlatforms) = preSolution
		Debug|Any CPU = Debug|Any CPU
		Release|Any CPU = Release|Any CPU
	EndGlobalSection
	GlobalSection(ProjectConfigurationPlatforms) = postSolution
		{A772D5A6-1452-4306-BAD7-DB86B4BCEDEC}.Debug|Any CPU.ActiveCfg = Debug|Any CPU
		{A772D5A6-1452-4306-BAD7-DB86B4BCEDEC}.Debug|Any CPU.Build.0 = Debug|Any CPU
		{A772D5A6-1452-4306-BAD7-DB86B4BCEDEC}.Release|Any CPU.ActiveCfg = Release|Any CPU
		{A772D5A6-1452-4306-BAD7-DB86B4BCEDEC}.Release|Any CPU.Build.0 = Release|Any CPU
	EndGlobalSection
	GlobalSection(SolutionProperties) = preSolution
		HideSolutionNode = FALSE
	EndGlobalSection
	GlobalSection(ExtensibilityGlobals) = postSolution
		SolutionGuid = {970AD1AE-0EF7-4ADC-BBD6-260794D80467}
	EndGlobalSection
EndGlobal
